
Microsoft Visual Studio Solution File, Format Version 10.00
# Visual C++ Express 2008
Project("{8BC9CEB8-8B4A-11D0-8D11-00A0C91BC942}") = "gui", "gui\gui.vcproj", "{8B4FCA1B-EDF8-4D04-97EB-50F749DD08CC}"
EndProject
Global
	GlobalSection(SolutionConfigurationPlatforms) = preSolution
		Debug|Win32 = Debug|Win32
		Release|Win32 = Release|Win32
	EndGlobalSection
	GlobalSection(ProjectConfigurationPlatforms) = postSolution
		{8B4FCA1B-EDF8-4D04-97EB-50F749DD08CC}.Debug|Win32.ActiveCfg = Debug|Win32
		{8B4FCA1B-EDF8-4D04-97EB-50F749DD08CC}.Debug|Win32.Build.0 = Debug|Win32
		{8B4FCA1B-EDF8-4D04-97EB-50F749DD08CC}.Release|Win32.ActiveCfg = Release|Win32
		{8B4FCA1B-EDF8-4D04-97EB-50F749DD08CC}.Release|Win32.Build.0 = Release|Win32
	EndGlobalSection
	GlobalSection(SolutionProperties) = preSolution
		HideSolutionNode = FALSE
	EndGlobalSection
EndGlobal
