
Microsoft Visual Studio Solution File, Format Version 10.00
# Visual C++ Express 2008
Project("{8BC9CEB8-8B4A-11D0-8D11-00A0C91BC942}") = "hugo_circle", "hugo_circle\hugo_circle.vcproj", "{C6BCC6E4-8D28-4A27-A2D0-BD30847162CA}"
EndProject
Global
	GlobalSection(SolutionConfigurationPlatforms) = preSolution
		Debug|Win32 = Debug|Win32
		Release|Win32 = Release|Win32
	EndGlobalSection
	GlobalSection(ProjectConfigurationPlatforms) = postSolution
		{C6BCC6E4-8D28-4A27-A2D0-BD30847162CA}.Debug|Win32.ActiveCfg = Debug|Win32
		{C6BCC6E4-8D28-4A27-A2D0-BD30847162CA}.Debug|Win32.Build.0 = Debug|Win32
		{C6BCC6E4-8D28-4A27-A2D0-BD30847162CA}.Release|Win32.ActiveCfg = Release|Win32
		{C6BCC6E4-8D28-4A27-A2D0-BD30847162CA}.Release|Win32.Build.0 = Release|Win32
	EndGlobalSection
	GlobalSection(SolutionProperties) = preSolution
		HideSolutionNode = FALSE
	EndGlobalSection
EndGlobal
